
Microsoft Visual Studio Solution File, Format Version 12.00
# Visual Studio 2012
Project("{2150E333-8FDC-42A3-9474-1A3956D46DE8}") = "Source", "Source", "{21D89C30-F91A-4EEA-9421-CB92FC4BF245}"
EndProject
Project("{FAE04EC0-301F-11D3-BF4B-00C04F79EFBC}") = "SquidEyes.PayPal", "Source\SquidEyes.PayPal\SquidEyes.PayPal.csproj", "{5DB31FB2-66AA-4C76-A31B-6558759D2F1B}"
EndProject
Project("{FAE04EC0-301F-11D3-BF4B-00C04F79EFBC}") = "PayPalOrderTest", "Source\PayPalOrderTest\PayPalOrderTest.csproj", "{620240CD-1A90-444F-AA8A-833E8713ECD4}"
EndProject
Global
	GlobalSection(SolutionConfigurationPlatforms) = preSolution
		Debug|Any CPU = Debug|Any CPU
		Release|Any CPU = Release|Any CPU
	EndGlobalSection
	GlobalSection(ProjectConfigurationPlatforms) = postSolution
		{5DB31FB2-66AA-4C76-A31B-6558759D2F1B}.Debug|Any CPU.ActiveCfg = Debug|Any CPU
		{5DB31FB2-66AA-4C76-A31B-6558759D2F1B}.Debug|Any CPU.Build.0 = Debug|Any CPU
		{5DB31FB2-66AA-4C76-A31B-6558759D2F1B}.Release|Any CPU.ActiveCfg = Release|Any CPU
		{5DB31FB2-66AA-4C76-A31B-6558759D2F1B}.Release|Any CPU.Build.0 = Release|Any CPU
		{620240CD-1A90-444F-AA8A-833E8713ECD4}.Debug|Any CPU.ActiveCfg = Debug|Any CPU
		{620240CD-1A90-444F-AA8A-833E8713ECD4}.Debug|Any CPU.Build.0 = Debug|Any CPU
		{620240CD-1A90-444F-AA8A-833E8713ECD4}.Release|Any CPU.ActiveCfg = Release|Any CPU
		{620240CD-1A90-444F-AA8A-833E8713ECD4}.Release|Any CPU.Build.0 = Release|Any CPU
	EndGlobalSection
	GlobalSection(SolutionProperties) = preSolution
		HideSolutionNode = FALSE
	EndGlobalSection
	GlobalSection(NestedProjects) = preSolution
		{5DB31FB2-66AA-4C76-A31B-6558759D2F1B} = {21D89C30-F91A-4EEA-9421-CB92FC4BF245}
		{620240CD-1A90-444F-AA8A-833E8713ECD4} = {21D89C30-F91A-4EEA-9421-CB92FC4BF245}
	EndGlobalSection
EndGlobal
